
Microsoft Visual Studio Solution File, Format Version 12.00
# Visual Studio Version 17
VisualStudioVersion = 17.2.32616.157
MinimumVisualStudioVersion = 10.0.40219.1
Project("{FAE04EC0-301F-11D3-BF4B-00C04F79EFBC}") = "CarBom", "CarBom\CarBom.csproj", "{5B0A447B-D325-469B-9A2C-2DCE3E17A9E0}"
EndProject
Global
	GlobalSection(SolutionConfigurationPlatforms) = preSolution
		Debug|Any CPU = Debug|Any CPU
		Release|Any CPU = Release|Any CPU
	EndGlobalSection
	GlobalSection(ProjectConfigurationPlatforms) = postSolution
		{5B0A447B-D325-469B-9A2C-2DCE3E17A9E0}.Debug|Any CPU.ActiveCfg = Debug|Any CPU
		{5B0A447B-D325-469B-9A2C-2DCE3E17A9E0}.Debug|Any CPU.Build.0 = Debug|Any CPU
		{5B0A447B-D325-469B-9A2C-2DCE3E17A9E0}.Release|Any CPU.ActiveCfg = Release|Any CPU
		{5B0A447B-D325-469B-9A2C-2DCE3E17A9E0}.Release|Any CPU.Build.0 = Release|Any CPU
	EndGlobalSection
	GlobalSection(SolutionProperties) = preSolution
		HideSolutionNode = FALSE
	EndGlobalSection
	GlobalSection(ExtensibilityGlobals) = postSolution
		SolutionGuid = {046E9780-BEE0-4EDE-8DE2-7F1C2527F695}
	EndGlobalSection
EndGlobal
